
Microsoft Visual Studio Solution File, Format Version 12.00
# Visual Studio Version 17
VisualStudioVersion = 17.0.32014.148
MinimumVisualStudioVersion = 10.0.40219.1
Project("{FAE04EC0-301F-11D3-BF4B-00C04F79EFBC}") = "ViLanches", "ViLanches\ViLanches.csproj", "{438A96FA-6334-4EE2-B86B-DFA4FE0A7FBA}"
EndProject
Global
	GlobalSection(SolutionConfigurationPlatforms) = preSolution
		Debug|Any CPU = Debug|Any CPU
		Release|Any CPU = Release|Any CPU
	EndGlobalSection
	GlobalSection(ProjectConfigurationPlatforms) = postSolution
		{438A96FA-6334-4EE2-B86B-DFA4FE0A7FBA}.Debug|Any CPU.ActiveCfg = Debug|Any CPU
		{438A96FA-6334-4EE2-B86B-DFA4FE0A7FBA}.Debug|Any CPU.Build.0 = Debug|Any CPU
		{438A96FA-6334-4EE2-B86B-DFA4FE0A7FBA}.Release|Any CPU.ActiveCfg = Release|Any CPU
		{438A96FA-6334-4EE2-B86B-DFA4FE0A7FBA}.Release|Any CPU.Build.0 = Release|Any CPU
	EndGlobalSection
	GlobalSection(SolutionProperties) = preSolution
		HideSolutionNode = FALSE
	EndGlobalSection
	GlobalSection(ExtensibilityGlobals) = postSolution
		SolutionGuid = {00F60CC0-2468-4E1E-A97C-35F24B758810}
	EndGlobalSection
EndGlobal
